
Microsoft Visual Studio Solution File, Format Version 12.00
# Visual Studio Version 16
VisualStudioVersion = 16.0.33027.164
MinimumVisualStudioVersion = 10.0.40219.1
Project("{FAE04EC0-301F-11D3-BF4B-00C04F79EFBC}") = "Producer", "Producer\Producer.csproj", "{7641CF7C-FF93-4360-AB70-637348367679}"
EndProject
Project("{FAE04EC0-301F-11D3-BF4B-00C04F79EFBC}") = "Consumer", "Consumer\Consumer.csproj", "{DDD3E3A4-8ED5-42E9-B5FA-B43EB9D77D26}"
EndProject
Global
	GlobalSection(SolutionConfigurationPlatforms) = preSolution
		Debug|Any CPU = Debug|Any CPU
		Release|Any CPU = Release|Any CPU
	EndGlobalSection
	GlobalSection(ProjectConfigurationPlatforms) = postSolution
		{7641CF7C-FF93-4360-AB70-637348367679}.Debug|Any CPU.ActiveCfg = Debug|Any CPU
		{7641CF7C-FF93-4360-AB70-637348367679}.Debug|Any CPU.Build.0 = Debug|Any CPU
		{7641CF7C-FF93-4360-AB70-637348367679}.Release|Any CPU.ActiveCfg = Release|Any CPU
		{7641CF7C-FF93-4360-AB70-637348367679}.Release|Any CPU.Build.0 = Release|Any CPU
		{DDD3E3A4-8ED5-42E9-B5FA-B43EB9D77D26}.Debug|Any CPU.ActiveCfg = Debug|Any CPU
		{DDD3E3A4-8ED5-42E9-B5FA-B43EB9D77D26}.Debug|Any CPU.Build.0 = Debug|Any CPU
		{DDD3E3A4-8ED5-42E9-B5FA-B43EB9D77D26}.Release|Any CPU.ActiveCfg = Release|Any CPU
		{DDD3E3A4-8ED5-42E9-B5FA-B43EB9D77D26}.Release|Any CPU.Build.0 = Release|Any CPU
	EndGlobalSection
	GlobalSection(SolutionProperties) = preSolution
		HideSolutionNode = FALSE
	EndGlobalSection
	GlobalSection(ExtensibilityGlobals) = postSolution
		SolutionGuid = {889A5A0C-BDD4-4267-B65A-6105B1D87684}
	EndGlobalSection
EndGlobal
